
Microsoft Visual Studio Solution File, Format Version 12.00
# Visual Studio Version 16
VisualStudioVersion = 16.0.30907.101
MinimumVisualStudioVersion = 10.0.40219.1
Project("{FAE04EC0-301F-11D3-BF4B-00C04F79EFBC}") = "MyStore", "MyStore.csproj", "{8E02C142-8344-4817-9AD7-4B48B1BEBC94}"
EndProject
Global
	GlobalSection(SolutionConfigurationPlatforms) = preSolution
		Debug|Any CPU = Debug|Any CPU
		Release|Any CPU = Release|Any CPU
	EndGlobalSection
	GlobalSection(ProjectConfigurationPlatforms) = postSolution
		{8E02C142-8344-4817-9AD7-4B48B1BEBC94}.Debug|Any CPU.ActiveCfg = Debug|Any CPU
		{8E02C142-8344-4817-9AD7-4B48B1BEBC94}.Debug|Any CPU.Build.0 = Debug|Any CPU
		{8E02C142-8344-4817-9AD7-4B48B1BEBC94}.Release|Any CPU.ActiveCfg = Release|Any CPU
		{8E02C142-8344-4817-9AD7-4B48B1BEBC94}.Release|Any CPU.Build.0 = Release|Any CPU
	EndGlobalSection
	GlobalSection(SolutionProperties) = preSolution
		HideSolutionNode = FALSE
	EndGlobalSection
	GlobalSection(ExtensibilityGlobals) = postSolution
		SolutionGuid = {D9668AD6-CD79-48D4-B6ED-A1187DBFB0E5}
	EndGlobalSection
EndGlobal
